
Microsoft Visual Studio Solution File, Format Version 12.00
# Visual Studio Version 17
VisualStudioVersion = 17.11.35222.181
MinimumVisualStudioVersion = 10.0.40219.1
Project("{9A19103F-16F7-4668-BE54-9A1E7A4F7556}") = "BasicGaming.Api", "BasicGaming.Api\BasicGaming.Api.csproj", "{1DF1A188-09D6-4BC3-B606-678F224E93CA}"
EndProject
Project("{FAE04EC0-301F-11D3-BF4B-00C04F79EFBC}") = "BasicGaming.Api.Tests", "..\tests\BasicGaming.Api.Tests\BasicGaming.Api.Tests.csproj", "{0C990F34-FBD3-4513-92E6-9AEE59269E53}"
EndProject
Global
	GlobalSection(SolutionConfigurationPlatforms) = preSolution
		Debug|Any CPU = Debug|Any CPU
		Release|Any CPU = Release|Any CPU
	EndGlobalSection
	GlobalSection(ProjectConfigurationPlatforms) = postSolution
		{1DF1A188-09D6-4BC3-B606-678F224E93CA}.Debug|Any CPU.ActiveCfg = Debug|Any CPU
		{1DF1A188-09D6-4BC3-B606-678F224E93CA}.Debug|Any CPU.Build.0 = Debug|Any CPU
		{1DF1A188-09D6-4BC3-B606-678F224E93CA}.Release|Any CPU.ActiveCfg = Release|Any CPU
		{1DF1A188-09D6-4BC3-B606-678F224E93CA}.Release|Any CPU.Build.0 = Release|Any CPU
		{0C990F34-FBD3-4513-92E6-9AEE59269E53}.Debug|Any CPU.ActiveCfg = Debug|Any CPU
		{0C990F34-FBD3-4513-92E6-9AEE59269E53}.Debug|Any CPU.Build.0 = Debug|Any CPU
		{0C990F34-FBD3-4513-92E6-9AEE59269E53}.Release|Any CPU.ActiveCfg = Release|Any CPU
		{0C990F34-FBD3-4513-92E6-9AEE59269E53}.Release|Any CPU.Build.0 = Release|Any CPU
	EndGlobalSection
	GlobalSection(SolutionProperties) = preSolution
		HideSolutionNode = FALSE
	EndGlobalSection
	GlobalSection(ExtensibilityGlobals) = postSolution
		SolutionGuid = {81F854A6-3883-4429-9438-FB37117502E4}
	EndGlobalSection
EndGlobal
